// !$*UTF8*$!
{
	archiveVersion = 1;
	classes = {
	};
	objectVersion = 46;
	objects = {

/* Begin PBXBuildFile section */
		260089D6190AE3AA0064080B /* UbeeNativeAdButtonNormal.png in Resources */ = {isa = PBXBuildFile; fileRef = 260089D3190AE3AA0064080B /* UbeeNativeAdButtonNormal.png */; };
		260089D7190AE3AA0064080B /* UbeeNativeAdButtonPressed.png in Resources */ = {isa = PBXBuildFile; fileRef = 260089D4190AE3AA0064080B /* UbeeNativeAdButtonPressed.png */; };
		260089DF190AF2E80064080B /* UbeeNativeAdDiscountFlag.png in Resources */ = {isa = PBXBuildFile; fileRef = 260089DE190AF2E80064080B /* UbeeNativeAdDiscountFlag.png */; };
		2638E98F195B598900F067E6 /* ub_bt_closed_press.png in Resources */ = {isa = PBXBuildFile; fileRef = 2638E98E195B598900F067E6 /* ub_bt_closed_press.png */; };
		2638E99D195B6B1A00F067E6 /* ios7-arrow-left.png in Resources */ = {isa = PBXBuildFile; fileRef = 2638E99C195B6B1A00F067E6 /* ios7-arrow-left.png */; };
		2638E9B5195B98D700F067E6 /* seta.png in Resources */ = {isa = PBXBuildFile; fileRef = 2638E9B4195B98D700F067E6 /* seta.png */; };
		2638E9B9195B990900F067E6 /* seta@2x.png in Resources */ = {isa = PBXBuildFile; fileRef = 2638E9B8195B990900F067E6 /* seta@2x.png */; };
		264C05ED19F830D300C26C95 /* UBEMediationViewController.m in Sources */ = {isa = PBXBuildFile; fileRef = 264C05EC19F830D300C26C95 /* UBEMediationViewController.m */; };
		264D5320196F54D50079B106 /* UBECategoriesTableViewController.m in Sources */ = {isa = PBXBuildFile; fileRef = 264D531F196F54D50079B106 /* UBECategoriesTableViewController.m */; };
		26536A7F1905E71200AD8F56 /* UBEAdsFeedViewController.m in Sources */ = {isa = PBXBuildFile; fileRef = 26536A7E1905E71200AD8F56 /* UBEAdsFeedViewController.m */; };
		26545DB91901ABE80067A426 /* NativeCoupon.xib in Resources */ = {isa = PBXBuildFile; fileRef = 26545DB51901ABE80067A426 /* NativeCoupon.xib */; };
		26545DBC1901ABE80067A426 /* NativeSmall.xib in Resources */ = {isa = PBXBuildFile; fileRef = 26545DB81901ABE80067A426 /* NativeSmall.xib */; };
		26545DC11901AC400067A426 /* UBEListElement.m in Sources */ = {isa = PBXBuildFile; fileRef = 26545DC01901AC400067A426 /* UBEListElement.m */; };
		26545DC61901AC670067A426 /* UBEAdvertisementViewController.m in Sources */ = {isa = PBXBuildFile; fileRef = 26545DC31901AC670067A426 /* UBEAdvertisementViewController.m */; };
		26545DC71901AC670067A426 /* UBEStartViewController.m in Sources */ = {isa = PBXBuildFile; fileRef = 26545DC51901AC670067A426 /* UBEStartViewController.m */; };
		26545DCA1901ACA20067A426 /* UBENativeAdOnTableViewController.m in Sources */ = {isa = PBXBuildFile; fileRef = 26545DC91901ACA20067A426 /* UBENativeAdOnTableViewController.m */; };
		26545DD71901B81E0067A426 /* Main.storyboard in Resources */ = {isa = PBXBuildFile; fileRef = 26545DD61901B81E0067A426 /* Main.storyboard */; };
		2674FDE61912FDFB0063CEEA /* SystemConfiguration.framework in Frameworks */ = {isa = PBXBuildFile; fileRef = 2674FDE51912FDFB0063CEEA /* SystemConfiguration.framework */; };
		2674FDEF19130E420063CEEA /* UBEAdViewFromStoryboard.m in Sources */ = {isa = PBXBuildFile; fileRef = 2674FDEE19130E420063CEEA /* UBEAdViewFromStoryboard.m */; };
		2674FE5F1914738D0063CEEA /* NativeLarge.xib in Resources */ = {isa = PBXBuildFile; fileRef = 2674FE5E1914738D0063CEEA /* NativeLarge.xib */; };
		268370541911346500B39CB4 /* MyStoryboard.storyboard in Resources */ = {isa = PBXBuildFile; fileRef = 268370531911346500B39CB4 /* MyStoryboard.storyboard */; };
		2683705E1911695D00B39CB4 /* UbeeNativeAdPlaceholderCoupon.png in Resources */ = {isa = PBXBuildFile; fileRef = 2683705C1911695D00B39CB4 /* UbeeNativeAdPlaceholderCoupon.png */; };
		2683705F1911695D00B39CB4 /* UbeeNativeAdPlaceholderIcon.png in Resources */ = {isa = PBXBuildFile; fileRef = 2683705D1911695D00B39CB4 /* UbeeNativeAdPlaceholderIcon.png */; };
		2685F0DC190013530016A650 /* Foundation.framework in Frameworks */ = {isa = PBXBuildFile; fileRef = 2685F0DB190013530016A650 /* Foundation.framework */; };
		2685F0E6190013530016A650 /* InfoPlist.strings in Resources */ = {isa = PBXBuildFile; fileRef = 2685F0E4190013530016A650 /* InfoPlist.strings */; };
		2685F0E8190013530016A650 /* main.m in Sources */ = {isa = PBXBuildFile; fileRef = 2685F0E7190013530016A650 /* main.m */; };
		2685F0EC190013540016A650 /* UBEAppDelegate.m in Sources */ = {isa = PBXBuildFile; fileRef = 2685F0EB190013540016A650 /* UBEAppDelegate.m */; };
		26A20B231921863B00B74DA5 /* CoreLocation.framework in Frameworks */ = {isa = PBXBuildFile; fileRef = 26A20B221921863B00B74DA5 /* CoreLocation.framework */; };
		26F275F5195209A800A88ACF /* UBEInterstitialAdvertisementViewController.m in Sources */ = {isa = PBXBuildFile; fileRef = 26F275F4195209A800A88ACF /* UBEInterstitialAdvertisementViewController.m */; };
		26F27626195397C600A88ACF /* Default-568h@2x.png in Resources */ = {isa = PBXBuildFile; fileRef = 26F27625195397C600A88ACF /* Default-568h@2x.png */; };
		C01065371AF1742D00A9D5F8 /* UBENotificationAdAlertView.m in Sources */ = {isa = PBXBuildFile; fileRef = C01065361AF1742D00A9D5F8 /* UBENotificationAdAlertView.m */; };
		C01065441AF286BF00A9D5F8 /* libInLocoMediaAdMobAdapters.a in Frameworks */ = {isa = PBXBuildFile; fileRef = C01B932F1A9BE26D00B555CE /* libInLocoMediaAdMobAdapters.a */; settings = {ATTRIBUTES = (Required, ); }; };
		C01065491AF2BE9C00A9D5F8 /* GoogleMobileAds.framework in Frameworks */ = {isa = PBXBuildFile; fileRef = C02D470C1A950BEB000A49E4 /* GoogleMobileAds.framework */; };
		C01B923B1A9B9B6700B555CE /* UBEMediationInterstitialViewController.m in Sources */ = {isa = PBXBuildFile; fileRef = C01B923A1A9B9B6700B555CE /* UBEMediationInterstitialViewController.m */; };
		C01B932B1A9BDD9300B555CE /* LaunchScreen.xib in Resources */ = {isa = PBXBuildFile; fileRef = C01B932A1A9BDD9300B555CE /* LaunchScreen.xib */; };
		C09621971A9E38460055EEEE /* AdSupport.framework in Frameworks */ = {isa = PBXBuildFile; fileRef = C09621961A9E38460055EEEE /* AdSupport.framework */; };
		C09621991A9E3AFC0055EEEE /* AudioToolbox.framework in Frameworks */ = {isa = PBXBuildFile; fileRef = C09621981A9E3AFC0055EEEE /* AudioToolbox.framework */; };
		C096219B1A9E3B020055EEEE /* AVFoundation.framework in Frameworks */ = {isa = PBXBuildFile; fileRef = C096219A1A9E3B020055EEEE /* AVFoundation.framework */; };
		C096219D1A9E3B080055EEEE /* CoreGraphics.framework in Frameworks */ = {isa = PBXBuildFile; fileRef = C096219C1A9E3B080055EEEE /* CoreGraphics.framework */; };
		C096219F1A9E3B0E0055EEEE /* CoreTelephony.framework in Frameworks */ = {isa = PBXBuildFile; fileRef = C096219E1A9E3B0E0055EEEE /* CoreTelephony.framework */; };
		C09621A21A9E3B150055EEEE /* EventKit.framework in Frameworks */ = {isa = PBXBuildFile; fileRef = C09621A01A9E3B150055EEEE /* EventKit.framework */; };
		C09621A31A9E3B150055EEEE /* EventKitUI.framework in Frameworks */ = {isa = PBXBuildFile; fileRef = C09621A11A9E3B150055EEEE /* EventKitUI.framework */; };
		C09621A51A9E3B1D0055EEEE /* MessageUI.framework in Frameworks */ = {isa = PBXBuildFile; fileRef = C09621A41A9E3B1D0055EEEE /* MessageUI.framework */; };
		C0F652F71B191D9800D343B6 /* UbeeAPI.framework in Frameworks */ = {isa = PBXBuildFile; fileRef = C02FC0A21AC5CC8A00BA60A9 /* UbeeAPI.framework */; };
/* End PBXBuildFile section */

/* Begin PBXFileReference section */
		260089D3190AE3AA0064080B /* UbeeNativeAdButtonNormal.png */ = {isa = PBXFileReference; lastKnownFileType = image.png; path = UbeeNativeAdButtonNormal.png; sourceTree = "<group>"; };
		260089D4190AE3AA0064080B /* UbeeNativeAdButtonPressed.png */ = {isa = PBXFileReference; lastKnownFileType = image.png; path = UbeeNativeAdButtonPressed.png; sourceTree = "<group>"; };
		260089DE190AF2E80064080B /* UbeeNativeAdDiscountFlag.png */ = {isa = PBXFileReference; lastKnownFileType = image.png; path = UbeeNativeAdDiscountFlag.png; sourceTree = "<group>"; };
		2638E98E195B598900F067E6 /* ub_bt_closed_press.png */ = {isa = PBXFileReference; lastKnownFileType = image.png; path = ub_bt_closed_press.png; sourceTree = "<group>"; };
		2638E99C195B6B1A00F067E6 /* ios7-arrow-left.png */ = {isa = PBXFileReference; lastKnownFileType = image.png; path = "ios7-arrow-left.png"; sourceTree = "<group>"; };
		2638E9B4195B98D700F067E6 /* seta.png */ = {isa = PBXFileReference; lastKnownFileType = image.png; path = seta.png; sourceTree = "<group>"; };
		2638E9B8195B990900F067E6 /* seta@2x.png */ = {isa = PBXFileReference; lastKnownFileType = image.png; path = "seta@2x.png"; sourceTree = "<group>"; };
		264C05EB19F830D300C26C95 /* UBEMediationViewController.h */ = {isa = PBXFileReference; fileEncoding = 4; lastKnownFileType = sourcecode.c.h; path = UBEMediationViewController.h; sourceTree = "<group>"; };
		264C05EC19F830D300C26C95 /* UBEMediationViewController.m */ = {isa = PBXFileReference; fileEncoding = 4; lastKnownFileType = sourcecode.c.objc; path = UBEMediationViewController.m; sourceTree = "<group>"; };
		264D531E196F54D50079B106 /* UBECategoriesTableViewController.h */ = {isa = PBXFileReference; fileEncoding = 4; lastKnownFileType = sourcecode.c.h; path = UBECategoriesTableViewController.h; sourceTree = "<group>"; };
		264D531F196F54D50079B106 /* UBECategoriesTableViewController.m */ = {isa = PBXFileReference; fileEncoding = 4; lastKnownFileType = sourcecode.c.objc; path = UBECategoriesTableViewController.m; sourceTree = "<group>"; };
		26536A7D1905E71200AD8F56 /* UBEAdsFeedViewController.h */ = {isa = PBXFileReference; fileEncoding = 4; lastKnownFileType = sourcecode.c.h; path = UBEAdsFeedViewController.h; sourceTree = "<group>"; };
		26536A7E1905E71200AD8F56 /* UBEAdsFeedViewController.m */ = {isa = PBXFileReference; fileEncoding = 4; lastKnownFileType = sourcecode.c.objc; path = UBEAdsFeedViewController.m; sourceTree = "<group>"; };
		26545DB51901ABE80067A426 /* NativeCoupon.xib */ = {isa = PBXFileReference; fileEncoding = 4; lastKnownFileType = file.xib; path = NativeCoupon.xib; sourceTree = "<group>"; };
		26545DB81901ABE80067A426 /* NativeSmall.xib */ = {isa = PBXFileReference; fileEncoding = 4; lastKnownFileType = file.xib; path = NativeSmall.xib; sourceTree = "<group>"; };
		26545DBF1901AC400067A426 /* UBEListElement.h */ = {isa = PBXFileReference; fileEncoding = 4; lastKnownFileType = sourcecode.c.h; path = UBEListElement.h; sourceTree = "<group>"; };
		26545DC01901AC400067A426 /* UBEListElement.m */ = {isa = PBXFileReference; fileEncoding = 4; lastKnownFileType = sourcecode.c.objc; path = UBEListElement.m; sourceTree = "<group>"; };
		26545DC21901AC670067A426 /* UBEAdvertisementViewController.h */ = {isa = PBXFileReference; fileEncoding = 4; lastKnownFileType = sourcecode.c.h; path = UBEAdvertisementViewController.h; sourceTree = "<group>"; };
		26545DC31901AC670067A426 /* UBEAdvertisementViewController.m */ = {isa = PBXFileReference; fileEncoding = 4; lastKnownFileType = sourcecode.c.objc; path = UBEAdvertisementViewController.m; sourceTree = "<group>"; };
		26545DC41901AC670067A426 /* UBEStartViewController.h */ = {isa = PBXFileReference; fileEncoding = 4; lastKnownFileType = sourcecode.c.h; path = UBEStartViewController.h; sourceTree = "<group>"; };
		26545DC51901AC670067A426 /* UBEStartViewController.m */ = {isa = PBXFileReference; fileEncoding = 4; lastKnownFileType = sourcecode.c.objc; path = UBEStartViewController.m; sourceTree = "<group>"; };
		26545DC81901ACA20067A426 /* UBENativeAdOnTableViewController.h */ = {isa = PBXFileReference; fileEncoding = 4; lastKnownFileType = sourcecode.c.h; path = UBENativeAdOnTableViewController.h; sourceTree = "<group>"; };
		26545DC91901ACA20067A426 /* UBENativeAdOnTableViewController.m */ = {isa = PBXFileReference; fileEncoding = 4; lastKnownFileType = sourcecode.c.objc; path = UBENativeAdOnTableViewController.m; sourceTree = "<group>"; };
		26545DD61901B81E0067A426 /* Main.storyboard */ = {isa = PBXFileReference; fileEncoding = 4; lastKnownFileType = file.storyboard; path = Main.storyboard; sourceTree = "<group>"; };
		2674FDE51912FDFB0063CEEA /* SystemConfiguration.framework */ = {isa = PBXFileReference; lastKnownFileType = wrapper.framework; name = SystemConfiguration.framework; path = System/Library/Frameworks/SystemConfiguration.framework; sourceTree = SDKROOT; };
		2674FDED19130E420063CEEA /* UBEAdViewFromStoryboard.h */ = {isa = PBXFileReference; fileEncoding = 4; lastKnownFileType = sourcecode.c.h; path = UBEAdViewFromStoryboard.h; sourceTree = "<group>"; };
		2674FDEE19130E420063CEEA /* UBEAdViewFromStoryboard.m */ = {isa = PBXFileReference; fileEncoding = 4; lastKnownFileType = sourcecode.c.objc; path = UBEAdViewFromStoryboard.m; sourceTree = "<group>"; };
		2674FE001914205C0063CEEA /* UIKit.framework */ = {isa = PBXFileReference; lastKnownFileType = wrapper.framework; name = UIKit.framework; path = System/Library/Frameworks/UIKit.framework; sourceTree = SDKROOT; };
		2674FE5E1914738D0063CEEA /* NativeLarge.xib */ = {isa = PBXFileReference; fileEncoding = 4; lastKnownFileType = file.xib; path = NativeLarge.xib; sourceTree = "<group>"; };
		268370531911346500B39CB4 /* MyStoryboard.storyboard */ = {isa = PBXFileReference; fileEncoding = 4; lastKnownFileType = file.storyboard; path = MyStoryboard.storyboard; sourceTree = "<group>"; };
		2683705C1911695D00B39CB4 /* UbeeNativeAdPlaceholderCoupon.png */ = {isa = PBXFileReference; lastKnownFileType = image.png; path = UbeeNativeAdPlaceholderCoupon.png; sourceTree = "<group>"; };
		2683705D1911695D00B39CB4 /* UbeeNativeAdPlaceholderIcon.png */ = {isa = PBXFileReference; lastKnownFileType = image.png; path = UbeeNativeAdPlaceholderIcon.png; sourceTree = "<group>"; };
		2685F0D8190013530016A650 /* InLocoMedia-Ads-Sample-IOS.app */ = {isa = PBXFileReference; explicitFileType = wrapper.application; includeInIndex = 0; path = "InLocoMedia-Ads-Sample-IOS.app"; sourceTree = BUILT_PRODUCTS_DIR; };
		2685F0DB190013530016A650 /* Foundation.framework */ = {isa = PBXFileReference; lastKnownFileType = wrapper.framework; name = Foundation.framework; path = System/Library/Frameworks/Foundation.framework; sourceTree = SDKROOT; };
		2685F0E3190013530016A650 /* InLocoMedia-Ads-Sample-IOS.plist */ = {isa = PBXFileReference; lastKnownFileType = text.plist.xml; path = "InLocoMedia-Ads-Sample-IOS.plist"; sourceTree = "<group>"; };
		2685F0E5190013530016A650 /* en */ = {isa = PBXFileReference; lastKnownFileType = text.plist.strings; name = en; path = en.lproj/InfoPlist.strings; sourceTree = "<group>"; };
		2685F0E7190013530016A650 /* main.m */ = {isa = PBXFileReference; lastKnownFileType = sourcecode.c.objc; path = main.m; sourceTree = "<group>"; };
		2685F0E9190013530016A650 /* InLocoMedia-Ads-Sample-IOS-Prefix.pch */ = {isa = PBXFileReference; lastKnownFileType = sourcecode.c.h; path = "InLocoMedia-Ads-Sample-IOS-Prefix.pch"; sourceTree = "<group>"; };
		2685F0EA190013530016A650 /* UBEAppDelegate.h */ = {isa = PBXFileReference; lastKnownFileType = sourcecode.c.h; path = UBEAppDelegate.h; sourceTree = "<group>"; };
		2685F0EB190013540016A650 /* UBEAppDelegate.m */ = {isa = PBXFileReference; lastKnownFileType = sourcecode.c.objc; path = UBEAppDelegate.m; sourceTree = "<group>"; };
		26A20B221921863B00B74DA5 /* CoreLocation.framework */ = {isa = PBXFileReference; lastKnownFileType = wrapper.framework; name = CoreLocation.framework; path = System/Library/Frameworks/CoreLocation.framework; sourceTree = SDKROOT; };
		26F275F3195209A800A88ACF /* UBEInterstitialAdvertisementViewController.h */ = {isa = PBXFileReference; fileEncoding = 4; lastKnownFileType = sourcecode.c.h; path = UBEInterstitialAdvertisementViewController.h; sourceTree = "<group>"; };
		26F275F4195209A800A88ACF /* UBEInterstitialAdvertisementViewController.m */ = {isa = PBXFileReference; fileEncoding = 4; lastKnownFileType = sourcecode.c.objc; path = UBEInterstitialAdvertisementViewController.m; sourceTree = "<group>"; };
		26F27625195397C600A88ACF /* Default-568h@2x.png */ = {isa = PBXFileReference; lastKnownFileType = image.png; path = "Default-568h@2x.png"; sourceTree = "<group>"; };
		C01065351AF1742D00A9D5F8 /* UBENotificationAdAlertView.h */ = {isa = PBXFileReference; fileEncoding = 4; lastKnownFileType = sourcecode.c.h; path = UBENotificationAdAlertView.h; sourceTree = "<group>"; };
		C01065361AF1742D00A9D5F8 /* UBENotificationAdAlertView.m */ = {isa = PBXFileReference; fileEncoding = 4; lastKnownFileType = sourcecode.c.objc; path = UBENotificationAdAlertView.m; sourceTree = "<group>"; };
		C01B92391A9B9B6700B555CE /* UBEMediationInterstitialViewController.h */ = {isa = PBXFileReference; fileEncoding = 4; lastKnownFileType = sourcecode.c.h; path = UBEMediationInterstitialViewController.h; sourceTree = "<group>"; };
		C01B923A1A9B9B6700B555CE /* UBEMediationInterstitialViewController.m */ = {isa = PBXFileReference; fileEncoding = 4; lastKnownFileType = sourcecode.c.objc; path = UBEMediationInterstitialViewController.m; sourceTree = "<group>"; };
		C01B932A1A9BDD9300B555CE /* LaunchScreen.xib */ = {isa = PBXFileReference; fileEncoding = 4; lastKnownFileType = file.xib; path = LaunchScreen.xib; sourceTree = "<group>"; };
		C01B932F1A9BE26D00B555CE /* libInLocoMediaAdMobAdapters.a */ = {isa = PBXFileReference; lastKnownFileType = archive.ar; path = libInLocoMediaAdMobAdapters.a; sourceTree = "<group>"; };
		C01B93311A9BE26D00B555CE /* UBEGADBannerAdapter.h */ = {isa = PBXFileReference; fileEncoding = 4; lastKnownFileType = sourcecode.c.h; path = UBEGADBannerAdapter.h; sourceTree = "<group>"; };
		C01B93321A9BE26D00B555CE /* UBEGADInterstitialAdapter.h */ = {isa = PBXFileReference; fileEncoding = 4; lastKnownFileType = sourcecode.c.h; path = UBEGADInterstitialAdapter.h; sourceTree = "<group>"; };
		C01B93351A9BE32C00B555CE /* UbeeAPI.framework */ = {isa = PBXFileReference; lastKnownFileType = wrapper.framework; name = UbeeAPI.framework; path = "../../inlocomedia-ios-adapters/Vendors/InLocoMedia/UbeeAPI.framework"; sourceTree = "<group>"; };
		C02D470C1A950BEB000A49E4 /* GoogleMobileAds.framework */ = {isa = PBXFileReference; lastKnownFileType = wrapper.framework; name = GoogleMobileAds.framework; path = "Inlocomedia-Ads-Sample/Vendors/GoogleMobileAdsSdkiOS-7.1.0/GoogleMobileAds.framework"; sourceTree = "<group>"; };
		C02FC0A21AC5CC8A00BA60A9 /* UbeeAPI.framework */ = {isa = PBXFileReference; lastKnownFileType = wrapper.framework; path = UbeeAPI.framework; sourceTree = "<group>"; };
		C09621961A9E38460055EEEE /* AdSupport.framework */ = {isa = PBXFileReference; lastKnownFileType = wrapper.framework; name = AdSupport.framework; path = System/Library/Frameworks/AdSupport.framework; sourceTree = SDKROOT; };
		C09621981A9E3AFC0055EEEE /* AudioToolbox.framework */ = {isa = PBXFileReference; lastKnownFileType = wrapper.framework; name = AudioToolbox.framework; path = System/Library/Frameworks/AudioToolbox.framework; sourceTree = SDKROOT; };
		C096219A1A9E3B020055EEEE /* AVFoundation.framework */ = {isa = PBXFileReference; lastKnownFileType = wrapper.framework; name = AVFoundation.framework; path = System/Library/Frameworks/AVFoundation.framework; sourceTree = SDKROOT; };
		C096219C1A9E3B080055EEEE /* CoreGraphics.framework */ = {isa = PBXFileReference; lastKnownFileType = wrapper.framework; name = CoreGraphics.framework; path = System/Library/Frameworks/CoreGraphics.framework; sourceTree = SDKROOT; };
		C096219E1A9E3B0E0055EEEE /* CoreTelephony.framework */ = {isa = PBXFileReference; lastKnownFileType = wrapper.framework; name = CoreTelephony.framework; path = System/Library/Frameworks/CoreTelephony.framework; sourceTree = SDKROOT; };
		C09621A01A9E3B150055EEEE /* EventKit.framework */ = {isa = PBXFileReference; lastKnownFileType = wrapper.framework; name = EventKit.framework; path = System/Library/Frameworks/EventKit.framework; sourceTree = SDKROOT; };
		C09621A11A9E3B150055EEEE /* EventKitUI.framework */ = {isa = PBXFileReference; lastKnownFileType = wrapper.framework; name = EventKitUI.framework; path = System/Library/Frameworks/EventKitUI.framework; sourceTree = SDKROOT; };
		C09621A41A9E3B1D0055EEEE /* MessageUI.framework */ = {isa = PBXFileReference; lastKnownFileType = wrapper.framework; name = MessageUI.framework; path = System/Library/Frameworks/MessageUI.framework; sourceTree = SDKROOT; };
/* End PBXFileReference section */

/* Begin PBXFrameworksBuildPhase section */
		2685F0D5190013530016A650 /* Frameworks */ = {
			isa = PBXFrameworksBuildPhase;
			buildActionMask = 2147483647;
			files = (
				C0F652F71B191D9800D343B6 /* UbeeAPI.framework in Frameworks */,
				C01065491AF2BE9C00A9D5F8 /* GoogleMobileAds.framework in Frameworks */,
				C01065441AF286BF00A9D5F8 /* libInLocoMediaAdMobAdapters.a in Frameworks */,
				2674FDE61912FDFB0063CEEA /* SystemConfiguration.framework in Frameworks */,
				C09621A51A9E3B1D0055EEEE /* MessageUI.framework in Frameworks */,
				C09621A21A9E3B150055EEEE /* EventKit.framework in Frameworks */,
				C09621A31A9E3B150055EEEE /* EventKitUI.framework in Frameworks */,
				C096219F1A9E3B0E0055EEEE /* CoreTelephony.framework in Frameworks */,
				C096219D1A9E3B080055EEEE /* CoreGraphics.framework in Frameworks */,
				C096219B1A9E3B020055EEEE /* AVFoundation.framework in Frameworks */,
				C09621991A9E3AFC0055EEEE /* AudioToolbox.framework in Frameworks */,
				C09621971A9E38460055EEEE /* AdSupport.framework in Frameworks */,
				26A20B231921863B00B74DA5 /* CoreLocation.framework in Frameworks */,
				2685F0DC190013530016A650 /* Foundation.framework in Frameworks */,
			);
			runOnlyForDeploymentPostprocessing = 0;
		};
/* End PBXFrameworksBuildPhase section */

/* Begin PBXGroup section */
		26545DB41901ABE80067A426 /* Resources */ = {
			isa = PBXGroup;
			children = (
				C01B932A1A9BDD9300B555CE /* LaunchScreen.xib */,
				2638E9B8195B990900F067E6 /* seta@2x.png */,
				2638E9B4195B98D700F067E6 /* seta.png */,
				2638E99C195B6B1A00F067E6 /* ios7-arrow-left.png */,
				2638E98E195B598900F067E6 /* ub_bt_closed_press.png */,
				26F27625195397C600A88ACF /* Default-568h@2x.png */,
				2683705C1911695D00B39CB4 /* UbeeNativeAdPlaceholderCoupon.png */,
				2683705D1911695D00B39CB4 /* UbeeNativeAdPlaceholderIcon.png */,
				260089DE190AF2E80064080B /* UbeeNativeAdDiscountFlag.png */,
				260089D3190AE3AA0064080B /* UbeeNativeAdButtonNormal.png */,
				260089D4190AE3AA0064080B /* UbeeNativeAdButtonPressed.png */,
				2674FE5E1914738D0063CEEA /* NativeLarge.xib */,
				26545DB51901ABE80067A426 /* NativeCoupon.xib */,
				26545DB81901ABE80067A426 /* NativeSmall.xib */,
				268370531911346500B39CB4 /* MyStoryboard.storyboard */,
			);
			path = Resources;
			sourceTree = "<group>";
		};
		26545DBE1901AC350067A426 /* Models */ = {
			isa = PBXGroup;
			children = (
				26545DBF1901AC400067A426 /* UBEListElement.h */,
				26545DC01901AC400067A426 /* UBEListElement.m */,
			);
			path = Models;
			sourceTree = "<group>";
		};
		2685F0CF190013530016A650 = {
			isa = PBXGroup;
			children = (
				2685F0E1190013530016A650 /* InLocomedia-Ads-Sample */,
				2685F0DA190013530016A650 /* Frameworks */,
				2685F0D9190013530016A650 /* Products */,
			);
			sourceTree = "<group>";
		};
		2685F0D9190013530016A650 /* Products */ = {
			isa = PBXGroup;
			children = (
				2685F0D8190013530016A650 /* InLocoMedia-Ads-Sample-IOS.app */,
			);
			name = Products;
			sourceTree = "<group>";
		};
		2685F0DA190013530016A650 /* Frameworks */ = {
			isa = PBXGroup;
			children = (
				C09621A41A9E3B1D0055EEEE /* MessageUI.framework */,
				C09621A01A9E3B150055EEEE /* EventKit.framework */,
				C09621A11A9E3B150055EEEE /* EventKitUI.framework */,
				C096219E1A9E3B0E0055EEEE /* CoreTelephony.framework */,
				C096219C1A9E3B080055EEEE /* CoreGraphics.framework */,
				C096219A1A9E3B020055EEEE /* AVFoundation.framework */,
				C09621981A9E3AFC0055EEEE /* AudioToolbox.framework */,
				C09621961A9E38460055EEEE /* AdSupport.framework */,
				C01B93351A9BE32C00B555CE /* UbeeAPI.framework */,
				26A20B221921863B00B74DA5 /* CoreLocation.framework */,
				2674FE001914205C0063CEEA /* UIKit.framework */,
				2674FDE51912FDFB0063CEEA /* SystemConfiguration.framework */,
				2685F0DB190013530016A650 /* Foundation.framework */,
			);
			name = Frameworks;
			sourceTree = "<group>";
		};
		2685F0E1190013530016A650 /* InLocomedia-Ads-Sample */ = {
			isa = PBXGroup;
			children = (
				C02D471B1A950CAC000A49E4 /* InLocoMediaSDK */,
				C02D470A1A950BEB000A49E4 /* Vendors */,
				C01065341AF1742D00A9D5F8 /* Dialogs */,
				26545DBE1901AC350067A426 /* Models */,
				26545DB41901ABE80067A426 /* Resources */,
				26BA48D519BFBBDD00A06436 /* iPad */,
				2685F117190013D50016A650 /* Controllers */,
				2685F0EA190013530016A650 /* UBEAppDelegate.h */,
				2685F0EB190013540016A650 /* UBEAppDelegate.m */,
				26545DD61901B81E0067A426 /* Main.storyboard */,
				2685F0E2190013530016A650 /* Supporting Files */,
			);
			name = "InLocomedia-Ads-Sample";
			path = "Inlocomedia-Ads-Sample";
			sourceTree = "<group>";
		};
		2685F0E2190013530016A650 /* Supporting Files */ = {
			isa = PBXGroup;
			children = (
				2685F0E3190013530016A650 /* InLocoMedia-Ads-Sample-IOS.plist */,
				2685F0E4190013530016A650 /* InfoPlist.strings */,
				2685F0E7190013530016A650 /* main.m */,
				2685F0E9190013530016A650 /* InLocoMedia-Ads-Sample-IOS-Prefix.pch */,
			);
			name = "Supporting Files";
			sourceTree = "<group>";
		};
		2685F117190013D50016A650 /* Controllers */ = {
			isa = PBXGroup;
			children = (
				26545DC21901AC670067A426 /* UBEAdvertisementViewController.h */,
				26545DC31901AC670067A426 /* UBEAdvertisementViewController.m */,
				26545DC41901AC670067A426 /* UBEStartViewController.h */,
				26545DC51901AC670067A426 /* UBEStartViewController.m */,
				26545DC81901ACA20067A426 /* UBENativeAdOnTableViewController.h */,
				26545DC91901ACA20067A426 /* UBENativeAdOnTableViewController.m */,
				26536A7D1905E71200AD8F56 /* UBEAdsFeedViewController.h */,
				26536A7E1905E71200AD8F56 /* UBEAdsFeedViewController.m */,
				2674FDED19130E420063CEEA /* UBEAdViewFromStoryboard.h */,
				2674FDEE19130E420063CEEA /* UBEAdViewFromStoryboard.m */,
				26F275F3195209A800A88ACF /* UBEInterstitialAdvertisementViewController.h */,
				26F275F4195209A800A88ACF /* UBEInterstitialAdvertisementViewController.m */,
				264D531E196F54D50079B106 /* UBECategoriesTableViewController.h */,
				264D531F196F54D50079B106 /* UBECategoriesTableViewController.m */,
				264C05EB19F830D300C26C95 /* UBEMediationViewController.h */,
				264C05EC19F830D300C26C95 /* UBEMediationViewController.m */,
				C01B92391A9B9B6700B555CE /* UBEMediationInterstitialViewController.h */,
				C01B923A1A9B9B6700B555CE /* UBEMediationInterstitialViewController.m */,
			);
			path = Controllers;
			sourceTree = "<group>";
		};
		26BA48D519BFBBDD00A06436 /* iPad */ = {
			isa = PBXGroup;
			children = (
			);
			name = iPad;
			sourceTree = "<group>";
		};
		C01065341AF1742D00A9D5F8 /* Dialogs */ = {
			isa = PBXGroup;
			children = (
				C01065351AF1742D00A9D5F8 /* UBENotificationAdAlertView.h */,
				C01065361AF1742D00A9D5F8 /* UBENotificationAdAlertView.m */,
			);
			path = Dialogs;
			sourceTree = "<group>";
		};
		C02D470A1A950BEB000A49E4 /* Vendors */ = {
			isa = PBXGroup;
			children = (
				C02D470B1A950BEB000A49E4 /* GoogleMobileAdsSdkiOS-7.1.0 */,
			);
			path = Vendors;
			sourceTree = "<group>";
		};
		C02D470B1A950BEB000A49E4 /* GoogleMobileAdsSdkiOS-7.1.0 */ = {
			isa = PBXGroup;
			children = (
				C02D470C1A950BEB000A49E4 /* GoogleMobileAds.framework */,
			);
			name = "GoogleMobileAdsSdkiOS-7.1.0";
			path = "GoogleMobileAdsSdkiOS-7.0.0";
			sourceTree = "<group>";
		};
		C02D471B1A950CAC000A49E4 /* InLocoMediaSDK */ = {
			isa = PBXGroup;
			children = (
				C02FC0A21AC5CC8A00BA60A9 /* UbeeAPI.framework */,
				C02D471C1A950CAC000A49E4 /* AdNetworkSupport */,
			);
			name = InLocoMediaSDK;
			path = ../../InLocoMediaSDK;
			sourceTree = "<group>";
		};
		C02D471C1A950CAC000A49E4 /* AdNetworkSupport */ = {
			isa = PBXGroup;
			children = (
				C02D471D1A950CAC000A49E4 /* AdMob */,
			);
			path = AdNetworkSupport;
			sourceTree = "<group>";
		};
		C02D471D1A950CAC000A49E4 /* AdMob */ = {
			isa = PBXGroup;
			children = (
				C01B932F1A9BE26D00B555CE /* libInLocoMediaAdMobAdapters.a */,
				C01B93311A9BE26D00B555CE /* UBEGADBannerAdapter.h */,
				C01B93321A9BE26D00B555CE /* UBEGADInterstitialAdapter.h */,
			);
			path = AdMob;
			sourceTree = "<group>";
		};
/* End PBXGroup section */

/* Begin PBXNativeTarget section */
		2685F0D7190013530016A650 /* InLocoMedia-Ads-Sample-IOS */ = {
			isa = PBXNativeTarget;
			buildConfigurationList = 2685F10D190013540016A650 /* Build configuration list for PBXNativeTarget "InLocoMedia-Ads-Sample-IOS" */;
			buildPhases = (
				2685F0D4190013530016A650 /* Sources */,
				2685F0D5190013530016A650 /* Frameworks */,
				2685F0D6190013530016A650 /* Resources */,
			);
			buildRules = (
			);
			dependencies = (
			);
			name = "InLocoMedia-Ads-Sample-IOS";
			productName = "Ubee Ads Example IOS";
			productReference = 2685F0D8190013530016A650 /* InLocoMedia-Ads-Sample-IOS.app */;
			productType = "com.apple.product-type.application";
		};
/* End PBXNativeTarget section */

/* Begin PBXProject section */
		2685F0D0190013530016A650 /* Project object */ = {
			isa = PBXProject;
			attributes = {
				CLASSPREFIX = UBE;
				LastUpgradeCheck = 0510;
				ORGANIZATIONNAME = Ubee;
				TargetAttributes = {
					2685F0D7190013530016A650 = {
						DevelopmentTeam = 23VP4TP4D7;
						SystemCapabilities = {
							com.apple.BackgroundModes = {
								enabled = 1;
							};
							com.apple.InAppPurchase = {
								enabled = 0;
							};
						};
					};
				};
			};
			buildConfigurationList = 2685F0D3190013530016A650 /* Build configuration list for PBXProject "InLocoMedia-Ads-Sample-IOS" */;
			compatibilityVersion = "Xcode 3.2";
			developmentRegion = English;
			hasScannedForEncodings = 0;
			knownRegions = (
				en,
				Base,
			);
			mainGroup = 2685F0CF190013530016A650;
			productRefGroup = 2685F0D9190013530016A650 /* Products */;
			projectDirPath = "";
			projectRoot = "";
			targets = (
				2685F0D7190013530016A650 /* InLocoMedia-Ads-Sample-IOS */,
			);
		};
/* End PBXProject section */

/* Begin PBXResourcesBuildPhase section */
		2685F0D6190013530016A650 /* Resources */ = {
			isa = PBXResourcesBuildPhase;
			buildActionMask = 2147483647;
			files = (
				260089D7190AE3AA0064080B /* UbeeNativeAdButtonPressed.png in Resources */,
				2683705E1911695D00B39CB4 /* UbeeNativeAdPlaceholderCoupon.png in Resources */,
				2674FE5F1914738D0063CEEA /* NativeLarge.xib in Resources */,
				268370541911346500B39CB4 /* MyStoryboard.storyboard in Resources */,
				26545DBC1901ABE80067A426 /* NativeSmall.xib in Resources */,
				2638E9B9195B990900F067E6 /* seta@2x.png in Resources */,
				26F27626195397C600A88ACF /* Default-568h@2x.png in Resources */,
				2683705F1911695D00B39CB4 /* UbeeNativeAdPlaceholderIcon.png in Resources */,
				2638E98F195B598900F067E6 /* ub_bt_closed_press.png in Resources */,
				2638E99D195B6B1A00F067E6 /* ios7-arrow-left.png in Resources */,
				260089D6190AE3AA0064080B /* UbeeNativeAdButtonNormal.png in Resources */,
				26545DD71901B81E0067A426 /* Main.storyboard in Resources */,
				2638E9B5195B98D700F067E6 /* seta.png in Resources */,
				26545DB91901ABE80067A426 /* NativeCoupon.xib in Resources */,
				2685F0E6190013530016A650 /* InfoPlist.strings in Resources */,
				C01B932B1A9BDD9300B555CE /* LaunchScreen.xib in Resources */,
				260089DF190AF2E80064080B /* UbeeNativeAdDiscountFlag.png in Resources */,
			);
			runOnlyForDeploymentPostprocessing = 0;
		};
/* End PBXResourcesBuildPhase section */

/* Begin PBXSourcesBuildPhase section */
		2685F0D4190013530016A650 /* Sources */ = {
			isa = PBXSourcesBuildPhase;
			buildActionMask = 2147483647;
			files = (
				26545DC11901AC400067A426 /* UBEListElement.m in Sources */,
				26545DCA1901ACA20067A426 /* UBENativeAdOnTableViewController.m in Sources */,
				26545DC71901AC670067A426 /* UBEStartViewController.m in Sources */,
				26F275F5195209A800A88ACF /* UBEInterstitialAdvertisementViewController.m in Sources */,
				C01B923B1A9B9B6700B555CE /* UBEMediationInterstitialViewController.m in Sources */,
				264D5320196F54D50079B106 /* UBECategoriesTableViewController.m in Sources */,
				26545DC61901AC670067A426 /* UBEAdvertisementViewController.m in Sources */,
				2685F0E8190013530016A650 /* main.m in Sources */,
				2674FDEF19130E420063CEEA /* UBEAdViewFromStoryboard.m in Sources */,
				C01065371AF1742D00A9D5F8 /* UBENotificationAdAlertView.m in Sources */,
				264C05ED19F830D300C26C95 /* UBEMediationViewController.m in Sources */,
				2685F0EC190013540016A650 /* UBEAppDelegate.m in Sources */,
				26536A7F1905E71200AD8F56 /* UBEAdsFeedViewController.m in Sources */,
			);
			runOnlyForDeploymentPostprocessing = 0;
		};
/* End PBXSourcesBuildPhase section */

/* Begin PBXVariantGroup section */
		2685F0E4190013530016A650 /* InfoPlist.strings */ = {
			isa = PBXVariantGroup;
			children = (
				2685F0E5190013530016A650 /* en */,
			);
			name = InfoPlist.strings;
			sourceTree = "<group>";
		};
/* End PBXVariantGroup section */

/* Begin XCBuildConfiguration section */
		2685F10B190013540016A650 /* Debug */ = {
			isa = XCBuildConfiguration;
			buildSettings = {
				ALWAYS_SEARCH_USER_PATHS = NO;
				CLANG_CXX_LANGUAGE_STANDARD = "gnu++0x";
				CLANG_CXX_LIBRARY = "libc++";
				CLANG_ENABLE_MODULES = YES;
				CLANG_ENABLE_OBJC_ARC = YES;
				CLANG_WARN_BOOL_CONVERSION = YES;
				CLANG_WARN_CONSTANT_CONVERSION = YES;
				CLANG_WARN_DIRECT_OBJC_ISA_USAGE = YES_ERROR;
				CLANG_WARN_EMPTY_BODY = YES;
				CLANG_WARN_ENUM_CONVERSION = YES;
				CLANG_WARN_INT_CONVERSION = YES;
				CLANG_WARN_OBJC_ROOT_CLASS = YES_ERROR;
				CLANG_WARN__DUPLICATE_METHOD_MATCH = YES;
				"CODE_SIGN_IDENTITY[sdk=iphoneos*]" = "iPhone Developer";
				COPY_PHASE_STRIP = NO;
				GCC_C_LANGUAGE_STANDARD = gnu99;
				GCC_DYNAMIC_NO_PIC = NO;
				GCC_OPTIMIZATION_LEVEL = 0;
				GCC_PREPROCESSOR_DEFINITIONS = (
					"DEBUG=1",
					"$(inherited)",
				);
				GCC_SYMBOLS_PRIVATE_EXTERN = NO;
				GCC_WARN_64_TO_32_BIT_CONVERSION = YES;
				GCC_WARN_ABOUT_RETURN_TYPE = YES_ERROR;
				GCC_WARN_UNDECLARED_SELECTOR = YES;
				GCC_WARN_UNINITIALIZED_AUTOS = YES;
				GCC_WARN_UNUSED_FUNCTION = YES;
				GCC_WARN_UNUSED_VARIABLE = YES;
				IPHONEOS_DEPLOYMENT_TARGET = 7.0;
				ONLY_ACTIVE_ARCH = YES;
				SDKROOT = iphoneos;
			};
			name = Debug;
		};
		2685F10C190013540016A650 /* Release */ = {
			isa = XCBuildConfiguration;
			buildSettings = {
				ALWAYS_SEARCH_USER_PATHS = NO;
				CLANG_CXX_LANGUAGE_STANDARD = "gnu++0x";
				CLANG_CXX_LIBRARY = "libc++";
				CLANG_ENABLE_MODULES = YES;
				CLANG_ENABLE_OBJC_ARC = YES;
				CLANG_WARN_BOOL_CONVERSION = YES;
				CLANG_WARN_CONSTANT_CONVERSION = YES;
				CLANG_WARN_DIRECT_OBJC_ISA_USAGE = YES_ERROR;
				CLANG_WARN_EMPTY_BODY = YES;
				CLANG_WARN_ENUM_CONVERSION = YES;
				CLANG_WARN_INT_CONVERSION = YES;
				CLANG_WARN_OBJC_ROOT_CLASS = YES_ERROR;
				CLANG_WARN__DUPLICATE_METHOD_MATCH = YES;
				"CODE_SIGN_IDENTITY[sdk=iphoneos*]" = "iPhone Developer";
				COPY_PHASE_STRIP = YES;
				ENABLE_NS_ASSERTIONS = NO;
				GCC_C_LANGUAGE_STANDARD = gnu99;
				GCC_WARN_64_TO_32_BIT_CONVERSION = YES;
				GCC_WARN_ABOUT_RETURN_TYPE = YES_ERROR;
				GCC_WARN_UNDECLARED_SELECTOR = YES;
				GCC_WARN_UNINITIALIZED_AUTOS = YES;
				GCC_WARN_UNUSED_FUNCTION = YES;
				GCC_WARN_UNUSED_VARIABLE = YES;
				IPHONEOS_DEPLOYMENT_TARGET = 7.0;
				SDKROOT = iphoneos;
				VALIDATE_PRODUCT = YES;
			};
			name = Release;
		};
		2685F10E190013540016A650 /* Debug */ = {
			isa = XCBuildConfiguration;
			buildSettings = {
				ASSETCATALOG_COMPILER_LAUNCHIMAGE_NAME = LaunchImage;
				CLANG_USE_OPTIMIZATION_PROFILE = NO;
				CODE_SIGN_IDENTITY = "iPhone Developer";
				FRAMEWORK_SEARCH_PATHS = (
					"$(inherited)",
					"$(PROJECT_DIR)/Inlocomedia-Ads-Sample/Vendors/GoogleMobileAdsSdkiOS-7.1.0",
					"$(PROJECT_DIR)/../InLocoMediaSDK",
				);
				GCC_PRECOMPILE_PREFIX_HEADER = YES;
				GCC_PREFIX_HEADER = "Inlocomedia-Ads-Sample/InLocoMedia-Ads-Sample-IOS-Prefix.pch";
				HEADER_SEARCH_PATHS = (
					"$(inherited)",
					/Applications/Xcode.app/Contents/Developer/Toolchains/XcodeDefault.xctoolchain/usr/include,
				);
				INFOPLIST_FILE = "$(SRCROOT)/Inlocomedia-Ads-Sample/InLocoMedia-Ads-Sample-IOS.plist";
				IPHONEOS_DEPLOYMENT_TARGET = 6.0;
				LIBRARY_SEARCH_PATHS = (
					"$(inherited)",
					"$(PROJECT_DIR)/../InLocoMediaSDK/AdNetworkSupport/AdMob",
					"$(USER_LIBRARY_DIR)/Developer/Xcode/DerivedData/UbeeAPI-flmvsuvsiroaatbmqmbzxeownxgj/Build/Products/Debug-iphoneos",
				);
				OTHER_LDFLAGS = "-ObjC";
				PRODUCT_NAME = "InLocoMedia-Ads-Sample-IOS";
				TARGETED_DEVICE_FAMILY = "1,2";
				WRAPPER_EXTENSION = app;
			};
			name = Debug;
		};
		2685F10F190013540016A650 /* Release */ = {
			isa = XCBuildConfiguration;
			buildSettings = {
				ASSETCATALOG_COMPILER_LAUNCHIMAGE_NAME = LaunchImage;
				CLANG_USE_OPTIMIZATION_PROFILE = NO;
				CODE_SIGN_IDENTITY = "iPhone Developer";
				FRAMEWORK_SEARCH_PATHS = (
					"$(inherited)",
					"$(PROJECT_DIR)/Inlocomedia-Ads-Sample/Vendors/GoogleMobileAdsSdkiOS-7.1.0",
					"$(PROJECT_DIR)/../InLocoMediaSDK",
				);
				GCC_OPTIMIZATION_LEVEL = fast;
				GCC_PRECOMPILE_PREFIX_HEADER = YES;
				GCC_PREFIX_HEADER = "Inlocomedia-Ads-Sample/InLocoMedia-Ads-Sample-IOS-Prefix.pch";
				HEADER_SEARCH_PATHS = (
					"$(inherited)",
					/Applications/Xcode.app/Contents/Developer/Toolchains/XcodeDefault.xctoolchain/usr/include,
				);
				INFOPLIST_FILE = "$(SRCROOT)/Inlocomedia-Ads-Sample/InLocoMedia-Ads-Sample-IOS.plist";
				IPHONEOS_DEPLOYMENT_TARGET = 6.0;
				LIBRARY_SEARCH_PATHS = (
					"$(inherited)",
					"$(PROJECT_DIR)/../InLocoMediaSDK/AdNetworkSupport/AdMob",
					"$(USER_LIBRARY_DIR)/Developer/Xcode/DerivedData/UbeeAPI-flmvsuvsiroaatbmqmbzxeownxgj/Build/Products/Debug-iphoneos",
				);
				OTHER_LDFLAGS = "-ObjC";
				PRODUCT_NAME = "InLocoMedia-Ads-Sample-IOS";
				TARGETED_DEVICE_FAMILY = "1,2";
				WRAPPER_EXTENSION = app;
			};
			name = Release;
		};
/* End XCBuildConfiguration section */

/* Begin XCConfigurationList section */
		2685F0D3190013530016A650 /* Build configuration list for PBXProject "InLocoMedia-Ads-Sample-IOS" */ = {
			isa = XCConfigurationList;
			buildConfigurations = (
				2685F10B190013540016A650 /* Debug */,
				2685F10C190013540016A650 /* Release */,
			);
			defaultConfigurationIsVisible = 0;
			defaultConfigurationName = Release;
		};
		2685F10D190013540016A650 /* Build configuration list for PBXNativeTarget "InLocoMedia-Ads-Sample-IOS" */ = {
			isa = XCConfigurationList;
			buildConfigurations = (
				2685F10E190013540016A650 /* Debug */,
				2685F10F190013540016A650 /* Release */,
			);
			defaultConfigurationIsVisible = 0;
			defaultConfigurationName = Release;
		};
/* End XCConfigurationList section */
	};
	rootObject = 2685F0D0190013530016A650 /* Project object */;
}
